
Microsoft Visual Studio Solution File, Format Version 12.00
# Visual Studio Version 16
VisualStudioVersion = 16.0.30011.22
MinimumVisualStudioVersion = 10.0.40219.1
Project("{FAE04EC0-301F-11D3-BF4B-00C04F79EFBC}") = "01. Student Information", "01. Student Information\01. Student Information.csproj", "{6103BFA7-D25D-473F-AB1C-2DAE054FE6D3}"
EndProject
Global
	GlobalSection(SolutionConfigurationPlatforms) = preSolution
		Debug|Any CPU = Debug|Any CPU
		Release|Any CPU = Release|Any CPU
	EndGlobalSection
	GlobalSection(ProjectConfigurationPlatforms) = postSolution
		{6103BFA7-D25D-473F-AB1C-2DAE054FE6D3}.Debug|Any CPU.ActiveCfg = Debug|Any CPU
		{6103BFA7-D25D-473F-AB1C-2DAE054FE6D3}.Debug|Any CPU.Build.0 = Debug|Any CPU
		{6103BFA7-D25D-473F-AB1C-2DAE054FE6D3}.Release|Any CPU.ActiveCfg = Release|Any CPU
		{6103BFA7-D25D-473F-AB1C-2DAE054FE6D3}.Release|Any CPU.Build.0 = Release|Any CPU
	EndGlobalSection
	GlobalSection(SolutionProperties) = preSolution
		HideSolutionNode = FALSE
	EndGlobalSection
	GlobalSection(ExtensibilityGlobals) = postSolution
		SolutionGuid = {0C830A11-7165-4667-BE95-875C83D5A12E}
	EndGlobalSection
EndGlobal
