
Microsoft Visual Studio Solution File, Format Version 12.00
# Visual Studio Version 16
VisualStudioVersion = 16.0.30011.22
MinimumVisualStudioVersion = 10.0.40219.1
Project("{9A19103F-16F7-4668-BE54-9A1E7A4F7556}") = "ExamPreparation", "ExamPreparation\ExamPreparation.csproj", "{EF6D1B4B-53F1-4FD8-984C-03EC8F4F1CFA}"
EndProject
Project("{9A19103F-16F7-4668-BE54-9A1E7A4F7556}") = "02.emoji", "02.emoji\02.emoji.csproj", "{C58D30B7-87F8-4554-8303-61840348827A}"
EndProject
Project("{FAE04EC0-301F-11D3-BF4B-00C04F79EFBC}") = "03.Pirates", "03.Pirates\03.Pirates.csproj", "{1D076EFC-F6AA-43FB-AD2D-45F0E9ECEBA8}"
EndProject
Project("{FAE04EC0-301F-11D3-BF4B-00C04F79EFBC}") = "01.WarriorsQuest", "01.WarriorsQuest\01.WarriorsQuest.csproj", "{ECDF8622-0E56-4182-9220-B21C3F7F4FAA}"
EndProject
Global
	GlobalSection(SolutionConfigurationPlatforms) = preSolution
		Debug|Any CPU = Debug|Any CPU
		Release|Any CPU = Release|Any CPU
	EndGlobalSection
	GlobalSection(ProjectConfigurationPlatforms) = postSolution
		{EF6D1B4B-53F1-4FD8-984C-03EC8F4F1CFA}.Debug|Any CPU.ActiveCfg = Debug|Any CPU
		{EF6D1B4B-53F1-4FD8-984C-03EC8F4F1CFA}.Debug|Any CPU.Build.0 = Debug|Any CPU
		{EF6D1B4B-53F1-4FD8-984C-03EC8F4F1CFA}.Release|Any CPU.ActiveCfg = Release|Any CPU
		{EF6D1B4B-53F1-4FD8-984C-03EC8F4F1CFA}.Release|Any CPU.Build.0 = Release|Any CPU
		{C58D30B7-87F8-4554-8303-61840348827A}.Debug|Any CPU.ActiveCfg = Debug|Any CPU
		{C58D30B7-87F8-4554-8303-61840348827A}.Debug|Any CPU.Build.0 = Debug|Any CPU
		{C58D30B7-87F8-4554-8303-61840348827A}.Release|Any CPU.ActiveCfg = Release|Any CPU
		{C58D30B7-87F8-4554-8303-61840348827A}.Release|Any CPU.Build.0 = Release|Any CPU
		{1D076EFC-F6AA-43FB-AD2D-45F0E9ECEBA8}.Debug|Any CPU.ActiveCfg = Debug|Any CPU
		{1D076EFC-F6AA-43FB-AD2D-45F0E9ECEBA8}.Debug|Any CPU.Build.0 = Debug|Any CPU
		{1D076EFC-F6AA-43FB-AD2D-45F0E9ECEBA8}.Release|Any CPU.ActiveCfg = Release|Any CPU
		{1D076EFC-F6AA-43FB-AD2D-45F0E9ECEBA8}.Release|Any CPU.Build.0 = Release|Any CPU
		{ECDF8622-0E56-4182-9220-B21C3F7F4FAA}.Debug|Any CPU.ActiveCfg = Debug|Any CPU
		{ECDF8622-0E56-4182-9220-B21C3F7F4FAA}.Debug|Any CPU.Build.0 = Debug|Any CPU
		{ECDF8622-0E56-4182-9220-B21C3F7F4FAA}.Release|Any CPU.ActiveCfg = Release|Any CPU
		{ECDF8622-0E56-4182-9220-B21C3F7F4FAA}.Release|Any CPU.Build.0 = Release|Any CPU
	EndGlobalSection
	GlobalSection(SolutionProperties) = preSolution
		HideSolutionNode = FALSE
	EndGlobalSection
	GlobalSection(ExtensibilityGlobals) = postSolution
		SolutionGuid = {C21AAF4C-5FE6-40D7-B42D-534104B00481}
	EndGlobalSection
EndGlobal
